{
  "name": "kpmp-custom-react-template",
  "version": "1.1.1",
  "lockfileVersion": 1,
  "requires": true,
  "dependencies": {
    "kpmp-common-components": {
      "version": "1.1.2",
      "resolved": "https://registry.npmjs.org/kpmp-common-components/-/kpmp-common-components-1.1.2.tgz",
      "integrity": "sha512-+al4EyQx0Wgcv2JoOqQy4af/jIoYPKBDnFBT5xHv6bceVL8NyMgQ7TjNEtkdDojjLRPlPBV2E3VXjLwnktQCGA=="
    },
    "kpmp-common-styles": {
      "version": "1.0.6",
      "resolved": "https://registry.npmjs.org/kpmp-common-styles/-/kpmp-common-styles-1.0.6.tgz",
      "integrity": "sha512-lxCnO1pMPpYyNoIEnWQz/qrzNfbNimGOuaq0XHmCigJOfHG/ViY0a4KguoaxrTP0aITsKYzmMgjWNW8FUjGNyw=="
    }
  }
}
